// !$*UTF8*$!
{
	archiveVersion = 1;
	classes = {
	};
	objectVersion = 56;
	objects = {

/* Begin PBXBuildFile section */
		24C634282B85348000E08B67 /* AppDelegate.m in Sources */ = {isa = PBXBuildFile; fileRef = 24C634272B85348000E08B67 /* AppDelegate.m */; };
		24C6342B2B85348000E08B67 /* SceneDelegate.m in Sources */ = {isa = PBXBuildFile; fileRef = 24C6342A2B85348000E08B67 /* SceneDelegate.m */; };
		24C6342E2B85348000E08B67 /* ViewController.m in Sources */ = {isa = PBXBuildFile; fileRef = 24C6342D2B85348000E08B67 /* ViewController.m */; };
		24C634312B85348000E08B67 /* Main.storyboard in Resources */ = {isa = PBXBuildFile; fileRef = 24C6342F2B85348000E08B67 /* Main.storyboard */; };
		24C634332B85348100E08B67 /* Assets.xcassets in Resources */ = {isa = PBXBuildFile; fileRef = 24C634322B85348100E08B67 /* Assets.xcassets */; };
		24C634362B85348100E08B67 /* LaunchScreen.storyboard in Resources */ = {isa = PBXBuildFile; fileRef = 24C634342B85348100E08B67 /* LaunchScreen.storyboard */; };
		24C634392B85348100E08B67 /* main.m in Sources */ = {isa = PBXBuildFile; fileRef = 24C634382B85348100E08B67 /* main.m */; };
		24C634412B8552D100E08B67 /* CheckeredView.m in Sources */ = {isa = PBXBuildFile; fileRef = 24C634402B8552D100E08B67 /* CheckeredView.m */; };
		24C634442B85537100E08B67 /* CheckeredBoardView.m in Sources */ = {isa = PBXBuildFile; fileRef = 24C634432B85537100E08B67 /* CheckeredBoardView.m */; };
		7FC0B88618C40DFB13398527 /* Pods_pattern_invert.framework in Frameworks */ = {isa = PBXBuildFile; fileRef = C3C04BE39EA24F5A5E638443 /* Pods_pattern_invert.framework */; };
/* End PBXBuildFile section */

/* Begin PBXFileReference section */
		24C634232B85348000E08B67 /* pattern-invert.app */ = {isa = PBXFileReference; explicitFileType = wrapper.application; includeInIndex = 0; path = "pattern-invert.app"; sourceTree = BUILT_PRODUCTS_DIR; };
		24C634262B85348000E08B67 /* AppDelegate.h */ = {isa = PBXFileReference; lastKnownFileType = sourcecode.c.h; path = AppDelegate.h; sourceTree = "<group>"; };
		24C634272B85348000E08B67 /* AppDelegate.m */ = {isa = PBXFileReference; lastKnownFileType = sourcecode.c.objc; path = AppDelegate.m; sourceTree = "<group>"; };
		24C634292B85348000E08B67 /* SceneDelegate.h */ = {isa = PBXFileReference; lastKnownFileType = sourcecode.c.h; path = SceneDelegate.h; sourceTree = "<group>"; };
		24C6342A2B85348000E08B67 /* SceneDelegate.m */ = {isa = PBXFileReference; lastKnownFileType = sourcecode.c.objc; path = SceneDelegate.m; sourceTree = "<group>"; };
		24C6342C2B85348000E08B67 /* ViewController.h */ = {isa = PBXFileReference; lastKnownFileType = sourcecode.c.h; path = ViewController.h; sourceTree = "<group>"; };
		24C6342D2B85348000E08B67 /* ViewController.m */ = {isa = PBXFileReference; lastKnownFileType = sourcecode.c.objc; path = ViewController.m; sourceTree = "<group>"; };
		24C634302B85348000E08B67 /* Base */ = {isa = PBXFileReference; lastKnownFileType = file.storyboard; name = Base; path = Base.lproj/Main.storyboard; sourceTree = "<group>"; };
		24C634322B85348100E08B67 /* Assets.xcassets */ = {isa = PBXFileReference; lastKnownFileType = folder.assetcatalog; path = Assets.xcassets; sourceTree = "<group>"; };
		24C634352B85348100E08B67 /* Base */ = {isa = PBXFileReference; lastKnownFileType = file.storyboard; name = Base; path = Base.lproj/LaunchScreen.storyboard; sourceTree = "<group>"; };
		24C634372B85348100E08B67 /* Info.plist */ = {isa = PBXFileReference; lastKnownFileType = text.plist.xml; path = Info.plist; sourceTree = "<group>"; };
		24C634382B85348100E08B67 /* main.m */ = {isa = PBXFileReference; lastKnownFileType = sourcecode.c.objc; path = main.m; sourceTree = "<group>"; };
		24C6343F2B8552D100E08B67 /* CheckeredView.h */ = {isa = PBXFileReference; lastKnownFileType = sourcecode.c.h; path = CheckeredView.h; sourceTree = "<group>"; };
		24C634402B8552D100E08B67 /* CheckeredView.m */ = {isa = PBXFileReference; lastKnownFileType = sourcecode.c.objc; path = CheckeredView.m; sourceTree = "<group>"; };
		24C634422B85537100E08B67 /* CheckeredBoardView.h */ = {isa = PBXFileReference; lastKnownFileType = sourcecode.c.h; path = CheckeredBoardView.h; sourceTree = "<group>"; };
		24C634432B85537100E08B67 /* CheckeredBoardView.m */ = {isa = PBXFileReference; lastKnownFileType = sourcecode.c.objc; path = CheckeredBoardView.m; sourceTree = "<group>"; };
		7A3BF063D753B56A8F9E1E8C /* Pods-pattern-invert.release.xcconfig */ = {isa = PBXFileReference; includeInIndex = 1; lastKnownFileType = text.xcconfig; name = "Pods-pattern-invert.release.xcconfig"; path = "Target Support Files/Pods-pattern-invert/Pods-pattern-invert.release.xcconfig"; sourceTree = "<group>"; };
		C3C04BE39EA24F5A5E638443 /* Pods_pattern_invert.framework */ = {isa = PBXFileReference; explicitFileType = wrapper.framework; includeInIndex = 0; path = Pods_pattern_invert.framework; sourceTree = BUILT_PRODUCTS_DIR; };
		D2C51BA13DFA39A8E4B7C63B /* Pods-pattern-invert.debug.xcconfig */ = {isa = PBXFileReference; includeInIndex = 1; lastKnownFileType = text.xcconfig; name = "Pods-pattern-invert.debug.xcconfig"; path = "Target Support Files/Pods-pattern-invert/Pods-pattern-invert.debug.xcconfig"; sourceTree = "<group>"; };
/* End PBXFileReference section */

/* Begin PBXFrameworksBuildPhase section */
		24C634202B85348000E08B67 /* Frameworks */ = {
			isa = PBXFrameworksBuildPhase;
			buildActionMask = 2147483647;
			files = (
				7FC0B88618C40DFB13398527 /* Pods_pattern_invert.framework in Frameworks */,
			);
			runOnlyForDeploymentPostprocessing = 0;
		};
/* End PBXFrameworksBuildPhase section */

/* Begin PBXGroup section */
		24C6341A2B85348000E08B67 = {
			isa = PBXGroup;
			children = (
				24C634252B85348000E08B67 /* pattern-invert */,
				24C634242B85348000E08B67 /* Products */,
				D783C7011495D0A09FDDA08B /* Pods */,
				FE794A9E1051FFDFD592E18E /* Frameworks */,
			);
			sourceTree = "<group>";
		};
		24C634242B85348000E08B67 /* Products */ = {
			isa = PBXGroup;
			children = (
				24C634232B85348000E08B67 /* pattern-invert.app */,
			);
			name = Products;
			sourceTree = "<group>";
		};
		24C634252B85348000E08B67 /* pattern-invert */ = {
			isa = PBXGroup;
			children = (
				24C634262B85348000E08B67 /* AppDelegate.h */,
				24C634272B85348000E08B67 /* AppDelegate.m */,
				24C634292B85348000E08B67 /* SceneDelegate.h */,
				24C6342A2B85348000E08B67 /* SceneDelegate.m */,
				24C6342C2B85348000E08B67 /* ViewController.h */,
				24C6342D2B85348000E08B67 /* ViewController.m */,
				24C634422B85537100E08B67 /* CheckeredBoardView.h */,
				24C634432B85537100E08B67 /* CheckeredBoardView.m */,
				24C6343F2B8552D100E08B67 /* CheckeredView.h */,
				24C634402B8552D100E08B67 /* CheckeredView.m */,
				24C6342F2B85348000E08B67 /* Main.storyboard */,
				24C634322B85348100E08B67 /* Assets.xcassets */,
				24C634342B85348100E08B67 /* LaunchScreen.storyboard */,
				24C634372B85348100E08B67 /* Info.plist */,
				24C634382B85348100E08B67 /* main.m */,
			);
			path = "pattern-invert";
			sourceTree = "<group>";
		};
		D783C7011495D0A09FDDA08B /* Pods */ = {
			isa = PBXGroup;
			children = (
				D2C51BA13DFA39A8E4B7C63B /* Pods-pattern-invert.debug.xcconfig */,
				7A3BF063D753B56A8F9E1E8C /* Pods-pattern-invert.release.xcconfig */,
			);
			path = Pods;
			sourceTree = "<group>";
		};
		FE794A9E1051FFDFD592E18E /* Frameworks */ = {
			isa = PBXGroup;
			children = (
				C3C04BE39EA24F5A5E638443 /* Pods_pattern_invert.framework */,
			);
			name = Frameworks;
			sourceTree = "<group>";
		};
/* End PBXGroup section */

/* Begin PBXNativeTarget section */
		24C634222B85348000E08B67 /* pattern-invert */ = {
			isa = PBXNativeTarget;
			buildConfigurationList = 24C6343C2B85348100E08B67 /* Build configuration list for PBXNativeTarget "pattern-invert" */;
			buildPhases = (
				02725B753ADD6D41DE1302DC /* [CP] Check Pods Manifest.lock */,
				24C6341F2B85348000E08B67 /* Sources */,
				24C634202B85348000E08B67 /* Frameworks */,
				24C634212B85348000E08B67 /* Resources */,
				EE9344EB025861E8E952FBD3 /* [CP] Embed Pods Frameworks */,
			);
			buildRules = (
			);
			dependencies = (
			);
			name = "pattern-invert";
			productName = "pattern-invert";
			productReference = 24C634232B85348000E08B67 /* pattern-invert.app */;
			productType = "com.apple.product-type.application";
		};
/* End PBXNativeTarget section */

/* Begin PBXProject section */
		24C6341B2B85348000E08B67 /* Project object */ = {
			isa = PBXProject;
			attributes = {
				BuildIndependentTargetsInParallel = 1;
				LastUpgradeCheck = 1510;
				TargetAttributes = {
					24C634222B85348000E08B67 = {
						CreatedOnToolsVersion = 15.1;
					};
				};
			};
			buildConfigurationList = 24C6341E2B85348000E08B67 /* Build configuration list for PBXProject "pattern-invert" */;
			compatibilityVersion = "Xcode 14.0";
			developmentRegion = en;
			hasScannedForEncodings = 0;
			knownRegions = (
				en,
				Base,
			);
			mainGroup = 24C6341A2B85348000E08B67;
			productRefGroup = 24C634242B85348000E08B67 /* Products */;
			projectDirPath = "";
			projectRoot = "";
			targets = (
				24C634222B85348000E08B67 /* pattern-invert */,
			);
		};
/* End PBXProject section */

/* Begin PBXResourcesBuildPhase section */
		24C634212B85348000E08B67 /* Resources */ = {
			isa = PBXResourcesBuildPhase;
			buildActionMask = 2147483647;
			files = (
				24C634362B85348100E08B67 /* LaunchScreen.storyboard in Resources */,
				24C634332B85348100E08B67 /* Assets.xcassets in Resources */,
				24C634312B85348000E08B67 /* Main.storyboard in Resources */,
			);
			runOnlyForDeploymentPostprocessing = 0;
		};
/* End PBXResourcesBuildPhase section */

/* Begin PBXShellScriptBuildPhase section */
		02725B753ADD6D41DE1302DC /* [CP] Check Pods Manifest.lock */ = {
			isa = PBXShellScriptBuildPhase;
			buildActionMask = 2147483647;
			files = (
			);
			inputFileListPaths = (
			);
			inputPaths = (
				"${PODS_PODFILE_DIR_PATH}/Podfile.lock",
				"${PODS_ROOT}/Manifest.lock",
			);
			name = "[CP] Check Pods Manifest.lock";
			outputFileListPaths = (
			);
			outputPaths = (
				"$(DERIVED_FILE_DIR)/Pods-pattern-invert-checkManifestLockResult.txt",
			);
			runOnlyForDeploymentPostprocessing = 0;
			shellPath = /bin/sh;
			shellScript = "diff \"${PODS_PODFILE_DIR_PATH}/Podfile.lock\" \"${PODS_ROOT}/Manifest.lock\" > /dev/null\nif [ $? != 0 ] ; then\n    # print error to STDERR\n    echo \"error: The sandbox is not in sync with the Podfile.lock. Run 'pod install' or update your CocoaPods installation.\" >&2\n    exit 1\nfi\n# This output is used by Xcode 'outputs' to avoid re-running this script phase.\necho \"SUCCESS\" > \"${SCRIPT_OUTPUT_FILE_0}\"\n";
			showEnvVarsInLog = 0;
		};
		EE9344EB025861E8E952FBD3 /* [CP] Embed Pods Frameworks */ = {
			isa = PBXShellScriptBuildPhase;
			buildActionMask = 2147483647;
			files = (
			);
			inputFileListPaths = (
				"${PODS_ROOT}/Target Support Files/Pods-pattern-invert/Pods-pattern-invert-frameworks-${CONFIGURATION}-input-files.xcfilelist",
			);
			name = "[CP] Embed Pods Frameworks";
			outputFileListPaths = (
				"${PODS_ROOT}/Target Support Files/Pods-pattern-invert/Pods-pattern-invert-frameworks-${CONFIGURATION}-output-files.xcfilelist",
			);
			runOnlyForDeploymentPostprocessing = 0;
			shellPath = /bin/sh;
			shellScript = "\"${PODS_ROOT}/Target Support Files/Pods-pattern-invert/Pods-pattern-invert-frameworks.sh\"\n";
			showEnvVarsInLog = 0;
		};
/* End PBXShellScriptBuildPhase section */

/* Begin PBXSourcesBuildPhase section */
		24C6341F2B85348000E08B67 /* Sources */ = {
			isa = PBXSourcesBuildPhase;
			buildActionMask = 2147483647;
			files = (
				24C6342E2B85348000E08B67 /* ViewController.m in Sources */,
				24C634282B85348000E08B67 /* AppDelegate.m in Sources */,
				24C634442B85537100E08B67 /* CheckeredBoardView.m in Sources */,
				24C634392B85348100E08B67 /* main.m in Sources */,
				24C6342B2B85348000E08B67 /* SceneDelegate.m in Sources */,
				24C634412B8552D100E08B67 /* CheckeredView.m in Sources */,
			);
			runOnlyForDeploymentPostprocessing = 0;
		};
/* End PBXSourcesBuildPhase section */

/* Begin PBXVariantGroup section */
		24C6342F2B85348000E08B67 /* Main.storyboard */ = {
			isa = PBXVariantGroup;
			children = (
				24C634302B85348000E08B67 /* Base */,
			);
			name = Main.storyboard;
			sourceTree = "<group>";
		};
		24C634342B85348100E08B67 /* LaunchScreen.storyboard */ = {
			isa = PBXVariantGroup;
			children = (
				24C634352B85348100E08B67 /* Base */,
			);
			name = LaunchScreen.storyboard;
			sourceTree = "<group>";
		};
/* End PBXVariantGroup section */

/* Begin XCBuildConfiguration section */
		24C6343A2B85348100E08B67 /* Debug */ = {
			isa = XCBuildConfiguration;
			buildSettings = {
				ALWAYS_SEARCH_USER_PATHS = NO;
				ASSETCATALOG_COMPILER_GENERATE_SWIFT_ASSET_SYMBOL_EXTENSIONS = YES;
				CLANG_ANALYZER_NONNULL = YES;
				CLANG_ANALYZER_NUMBER_OBJECT_CONVERSION = YES_AGGRESSIVE;
				CLANG_CXX_LANGUAGE_STANDARD = "gnu++20";
				CLANG_ENABLE_MODULES = YES;
				CLANG_ENABLE_OBJC_ARC = YES;
				CLANG_ENABLE_OBJC_WEAK = YES;
				CLANG_WARN_BLOCK_CAPTURE_AUTORELEASING = YES;
				CLANG_WARN_BOOL_CONVERSION = YES;
				CLANG_WARN_COMMA = YES;
				CLANG_WARN_CONSTANT_CONVERSION = YES;
				CLANG_WARN_DEPRECATED_OBJC_IMPLEMENTATIONS = YES;
				CLANG_WARN_DIRECT_OBJC_ISA_USAGE = YES_ERROR;
				CLANG_WARN_DOCUMENTATION_COMMENTS = YES;
				CLANG_WARN_EMPTY_BODY = YES;
				CLANG_WARN_ENUM_CONVERSION = YES;
				CLANG_WARN_INFINITE_RECURSION = YES;
				CLANG_WARN_INT_CONVERSION = YES;
				CLANG_WARN_NON_LITERAL_NULL_CONVERSION = YES;
				CLANG_WARN_OBJC_IMPLICIT_RETAIN_SELF = YES;
				CLANG_WARN_OBJC_LITERAL_CONVERSION = YES;
				CLANG_WARN_OBJC_ROOT_CLASS = YES_ERROR;
				CLANG_WARN_QUOTED_INCLUDE_IN_FRAMEWORK_HEADER = YES;
				CLANG_WARN_RANGE_LOOP_ANALYSIS = YES;
				CLANG_WARN_STRICT_PROTOTYPES = YES;
				CLANG_WARN_SUSPICIOUS_MOVE = YES;
				CLANG_WARN_UNGUARDED_AVAILABILITY = YES_AGGRESSIVE;
				CLANG_WARN_UNREACHABLE_CODE = YES;
				CLANG_WARN__DUPLICATE_METHOD_MATCH = YES;
				COPY_PHASE_STRIP = NO;
				DEBUG_INFORMATION_FORMAT = dwarf;
				ENABLE_STRICT_OBJC_MSGSEND = YES;
				ENABLE_TESTABILITY = YES;
				ENABLE_USER_SCRIPT_SANDBOXING = YES;
				GCC_C_LANGUAGE_STANDARD = gnu17;
				GCC_DYNAMIC_NO_PIC = NO;
				GCC_NO_COMMON_BLOCKS = YES;
				GCC_OPTIMIZATION_LEVEL = 0;
				GCC_PREPROCESSOR_DEFINITIONS = (
					"DEBUG=1",
					"$(inherited)",
				);
				GCC_WARN_64_TO_32_BIT_CONVERSION = YES;
				GCC_WARN_ABOUT_RETURN_TYPE = YES_ERROR;
				GCC_WARN_UNDECLARED_SELECTOR = YES;
				GCC_WARN_UNINITIALIZED_AUTOS = YES_AGGRESSIVE;
				GCC_WARN_UNUSED_FUNCTION = YES;
				GCC_WARN_UNUSED_VARIABLE = YES;
				IPHONEOS_DEPLOYMENT_TARGET = 17.2;
				LOCALIZATION_PREFERS_STRING_CATALOGS = YES;
				MTL_ENABLE_DEBUG_INFO = INCLUDE_SOURCE;
				MTL_FAST_MATH = YES;
				ONLY_ACTIVE_ARCH = YES;
				SDKROOT = iphoneos;
			};
			name = Debug;
		};
		24C6343B2B85348100E08B67 /* Release */ = {
			isa = XCBuildConfiguration;
			buildSettings = {
				ALWAYS_SEARCH_USER_PATHS = NO;
				ASSETCATALOG_COMPILER_GENERATE_SWIFT_ASSET_SYMBOL_EXTENSIONS = YES;
				CLANG_ANALYZER_NONNULL = YES;
				CLANG_ANALYZER_NUMBER_OBJECT_CONVERSION = YES_AGGRESSIVE;
				CLANG_CXX_LANGUAGE_STANDARD = "gnu++20";
				CLANG_ENABLE_MODULES = YES;
				CLANG_ENABLE_OBJC_ARC = YES;
				CLANG_ENABLE_OBJC_WEAK = YES;
				CLANG_WARN_BLOCK_CAPTURE_AUTORELEASING = YES;
				CLANG_WARN_BOOL_CONVERSION = YES;
				CLANG_WARN_COMMA = YES;
				CLANG_WARN_CONSTANT_CONVERSION = YES;
				CLANG_WARN_DEPRECATED_OBJC_IMPLEMENTATIONS = YES;
				CLANG_WARN_DIRECT_OBJC_ISA_USAGE = YES_ERROR;
				CLANG_WARN_DOCUMENTATION_COMMENTS = YES;
				CLANG_WARN_EMPTY_BODY = YES;
				CLANG_WARN_ENUM_CONVERSION = YES;
				CLANG_WARN_INFINITE_RECURSION = YES;
				CLANG_WARN_INT_CONVERSION = YES;
				CLANG_WARN_NON_LITERAL_NULL_CONVERSION = YES;
				CLANG_WARN_OBJC_IMPLICIT_RETAIN_SELF = YES;
				CLANG_WARN_OBJC_LITERAL_CONVERSION = YES;
				CLANG_WARN_OBJC_ROOT_CLASS = YES_ERROR;
				CLANG_WARN_QUOTED_INCLUDE_IN_FRAMEWORK_HEADER = YES;
				CLANG_WARN_RANGE_LOOP_ANALYSIS = YES;
				CLANG_WARN_STRICT_PROTOTYPES = YES;
				CLANG_WARN_SUSPICIOUS_MOVE = YES;
				CLANG_WARN_UNGUARDED_AVAILABILITY = YES_AGGRESSIVE;
				CLANG_WARN_UNREACHABLE_CODE = YES;
				CLANG_WARN__DUPLICATE_METHOD_MATCH = YES;
				COPY_PHASE_STRIP = NO;
				DEBUG_INFORMATION_FORMAT = "dwarf-with-dsym";
				ENABLE_NS_ASSERTIONS = NO;
				ENABLE_STRICT_OBJC_MSGSEND = YES;
				ENABLE_USER_SCRIPT_SANDBOXING = YES;
				GCC_C_LANGUAGE_STANDARD = gnu17;
				GCC_NO_COMMON_BLOCKS = YES;
				GCC_WARN_64_TO_32_BIT_CONVERSION = YES;
				GCC_WARN_ABOUT_RETURN_TYPE = YES_ERROR;
				GCC_WARN_UNDECLARED_SELECTOR = YES;
				GCC_WARN_UNINITIALIZED_AUTOS = YES_AGGRESSIVE;
				GCC_WARN_UNUSED_FUNCTION = YES;
				GCC_WARN_UNUSED_VARIABLE = YES;
				IPHONEOS_DEPLOYMENT_TARGET = 17.2;
				LOCALIZATION_PREFERS_STRING_CATALOGS = YES;
				MTL_ENABLE_DEBUG_INFO = NO;
				MTL_FAST_MATH = YES;
				SDKROOT = iphoneos;
				VALIDATE_PRODUCT = YES;
			};
			name = Release;
		};
		24C6343D2B85348100E08B67 /* Debug */ = {
			isa = XCBuildConfiguration;
			baseConfigurationReference = D2C51BA13DFA39A8E4B7C63B /* Pods-pattern-invert.debug.xcconfig */;
			buildSettings = {
				ASSETCATALOG_COMPILER_APPICON_NAME = AppIcon;
				ASSETCATALOG_COMPILER_GLOBAL_ACCENT_COLOR_NAME = AccentColor;
				CODE_SIGN_STYLE = Automatic;
				CURRENT_PROJECT_VERSION = 1;
				DEVELOPMENT_TEAM = 6F69A38VNJ;
				ENABLE_USER_SCRIPT_SANDBOXING = NO;
				GENERATE_INFOPLIST_FILE = YES;
				INFOPLIST_FILE = "pattern-invert/Info.plist";
				INFOPLIST_KEY_UIApplicationSupportsIndirectInputEvents = YES;
				INFOPLIST_KEY_UILaunchStoryboardName = LaunchScreen;
				INFOPLIST_KEY_UIMainStoryboardFile = Main;
				INFOPLIST_KEY_UISupportedInterfaceOrientations_iPad = "UIInterfaceOrientationPortrait UIInterfaceOrientationPortraitUpsideDown UIInterfaceOrientationLandscapeLeft UIInterfaceOrientationLandscapeRight";
				INFOPLIST_KEY_UISupportedInterfaceOrientations_iPhone = "UIInterfaceOrientationPortrait UIInterfaceOrientationLandscapeLeft UIInterfaceOrientationLandscapeRight";
				IPHONEOS_DEPLOYMENT_TARGET = 13.0;
				LD_RUNPATH_SEARCH_PATHS = (
					"$(inherited)",
					"@executable_path/Frameworks",
				);
				MARKETING_VERSION = 1.0;
				PRODUCT_BUNDLE_IDENTIFIER = "com.ivna.pattern-invert";
				PRODUCT_NAME = "$(TARGET_NAME)";
				SWIFT_EMIT_LOC_STRINGS = YES;
				TARGETED_DEVICE_FAMILY = "1,2";
			};
			name = Debug;
		};
		24C6343E2B85348100E08B67 /* Release */ = {
			isa = XCBuildConfiguration;
			baseConfigurationReference = 7A3BF063D753B56A8F9E1E8C /* Pods-pattern-invert.release.xcconfig */;
			buildSettings = {
				ASSETCATALOG_COMPILER_APPICON_NAME = AppIcon;
				ASSETCATALOG_COMPILER_GLOBAL_ACCENT_COLOR_NAME = AccentColor;
				CODE_SIGN_STYLE = Automatic;
				CURRENT_PROJECT_VERSION = 1;
				DEVELOPMENT_TEAM = 6F69A38VNJ;
				ENABLE_USER_SCRIPT_SANDBOXING = NO;
				GENERATE_INFOPLIST_FILE = YES;
				INFOPLIST_FILE = "pattern-invert/Info.plist";
				INFOPLIST_KEY_UIApplicationSupportsIndirectInputEvents = YES;
				INFOPLIST_KEY_UILaunchStoryboardName = LaunchScreen;
				INFOPLIST_KEY_UIMainStoryboardFile = Main;
				INFOPLIST_KEY_UISupportedInterfaceOrientations_iPad = "UIInterfaceOrientationPortrait UIInterfaceOrientationPortraitUpsideDown UIInterfaceOrientationLandscapeLeft UIInterfaceOrientationLandscapeRight";
				INFOPLIST_KEY_UISupportedInterfaceOrientations_iPhone = "UIInterfaceOrientationPortrait UIInterfaceOrientationLandscapeLeft UIInterfaceOrientationLandscapeRight";
				IPHONEOS_DEPLOYMENT_TARGET = 13.0;
				LD_RUNPATH_SEARCH_PATHS = (
					"$(inherited)",
					"@executable_path/Frameworks",
				);
				MARKETING_VERSION = 1.0;
				PRODUCT_BUNDLE_IDENTIFIER = "com.ivna.pattern-invert";
				PRODUCT_NAME = "$(TARGET_NAME)";
				SWIFT_EMIT_LOC_STRINGS = YES;
				TARGETED_DEVICE_FAMILY = "1,2";
			};
			name = Release;
		};
/* End XCBuildConfiguration section */

/* Begin XCConfigurationList section */
		24C6341E2B85348000E08B67 /* Build configuration list for PBXProject "pattern-invert" */ = {
			isa = XCConfigurationList;
			buildConfigurations = (
				24C6343A2B85348100E08B67 /* Debug */,
				24C6343B2B85348100E08B67 /* Release */,
			);
			defaultConfigurationIsVisible = 0;
			defaultConfigurationName = Release;
		};
		24C6343C2B85348100E08B67 /* Build configuration list for PBXNativeTarget "pattern-invert" */ = {
			isa = XCConfigurationList;
			buildConfigurations = (
				24C6343D2B85348100E08B67 /* Debug */,
				24C6343E2B85348100E08B67 /* Release */,
			);
			defaultConfigurationIsVisible = 0;
			defaultConfigurationName = Release;
		};
/* End XCConfigurationList section */
	};
	rootObject = 24C6341B2B85348000E08B67 /* Project object */;
}
